
Microsoft Visual Studio Solution File, Format Version 12.00
# Visual Studio 15
VisualStudioVersion = 15.0.28307.1525
MinimumVisualStudioVersion = 10.0.40219.1
Project("{FAE04EC0-301F-11D3-BF4B-00C04F79EFBC}") = "Proyecto", "Proyecto\Proyecto.csproj", "{FA98137C-358A-43B4-8DCC-0D5E0C3A07B8}"
EndProject
Global
	GlobalSection(SolutionConfigurationPlatforms) = preSolution
		Debug|Any CPU = Debug|Any CPU
		Release|Any CPU = Release|Any CPU
	EndGlobalSection
	GlobalSection(ProjectConfigurationPlatforms) = postSolution
		{FA98137C-358A-43B4-8DCC-0D5E0C3A07B8}.Debug|Any CPU.ActiveCfg = Debug|Any CPU
		{FA98137C-358A-43B4-8DCC-0D5E0C3A07B8}.Debug|Any CPU.Build.0 = Debug|Any CPU
		{FA98137C-358A-43B4-8DCC-0D5E0C3A07B8}.Release|Any CPU.ActiveCfg = Release|Any CPU
		{FA98137C-358A-43B4-8DCC-0D5E0C3A07B8}.Release|Any CPU.Build.0 = Release|Any CPU
	EndGlobalSection
	GlobalSection(SolutionProperties) = preSolution
		HideSolutionNode = FALSE
	EndGlobalSection
	GlobalSection(ExtensibilityGlobals) = postSolution
		SolutionGuid = {C31888C4-DEDB-446B-B810-E0C82AE57232}
	EndGlobalSection
EndGlobal
